
Microsoft Visual Studio Solution File, Format Version 12.00
# Visual Studio Version 16
VisualStudioVersion = 16.0.30621.155
MinimumVisualStudioVersion = 10.0.40219.1
Project("{FAE04EC0-301F-11D3-BF4B-00C04F79EFBC}") = "WindowsFormsApp17", "WindowsFormsApp17\WindowsFormsApp17.csproj", "{56CDCF6E-7623-41FA-95C9-184A816CF8BA}"
EndProject
Global
	GlobalSection(SolutionConfigurationPlatforms) = preSolution
		Debug|Any CPU = Debug|Any CPU
		Release|Any CPU = Release|Any CPU
	EndGlobalSection
	GlobalSection(ProjectConfigurationPlatforms) = postSolution
		{56CDCF6E-7623-41FA-95C9-184A816CF8BA}.Debug|Any CPU.ActiveCfg = Debug|Any CPU
		{56CDCF6E-7623-41FA-95C9-184A816CF8BA}.Debug|Any CPU.Build.0 = Debug|Any CPU
		{56CDCF6E-7623-41FA-95C9-184A816CF8BA}.Release|Any CPU.ActiveCfg = Release|Any CPU
		{56CDCF6E-7623-41FA-95C9-184A816CF8BA}.Release|Any CPU.Build.0 = Release|Any CPU
	EndGlobalSection
	GlobalSection(SolutionProperties) = preSolution
		HideSolutionNode = FALSE
	EndGlobalSection
	GlobalSection(ExtensibilityGlobals) = postSolution
		SolutionGuid = {DF3D45BA-EF9A-4161-A31E-EA7FF8BEDDAB}
	EndGlobalSection
EndGlobal
